
Microsoft Visual Studio Solution File, Format Version 12.00
# Visual Studio Version 17
VisualStudioVersion = 17.4.33213.308
MinimumVisualStudioVersion = 10.0.40219.1
Project("{FAE04EC0-301F-11D3-BF4B-00C04F79EFBC}") = "ti92class", "ti92class\ti92class.csproj", "{D3C8D69B-D0C4-4F6E-9563-E1FE6895CDD8}"
EndProject
Project("{FAE04EC0-301F-11D3-BF4B-00C04F79EFBC}") = "ti92app", "ti92app\ti92app.csproj", "{864950A6-A5B2-4069-8CA4-3C43ED6A87BE}"
EndProject
Global
	GlobalSection(SolutionConfigurationPlatforms) = preSolution
		Debug|Any CPU = Debug|Any CPU
		Release|Any CPU = Release|Any CPU
	EndGlobalSection
	GlobalSection(ProjectConfigurationPlatforms) = postSolution
		{D3C8D69B-D0C4-4F6E-9563-E1FE6895CDD8}.Debug|Any CPU.ActiveCfg = Debug|Any CPU
		{D3C8D69B-D0C4-4F6E-9563-E1FE6895CDD8}.Debug|Any CPU.Build.0 = Debug|Any CPU
		{D3C8D69B-D0C4-4F6E-9563-E1FE6895CDD8}.Release|Any CPU.ActiveCfg = Release|Any CPU
		{D3C8D69B-D0C4-4F6E-9563-E1FE6895CDD8}.Release|Any CPU.Build.0 = Release|Any CPU
		{864950A6-A5B2-4069-8CA4-3C43ED6A87BE}.Debug|Any CPU.ActiveCfg = Debug|Any CPU
		{864950A6-A5B2-4069-8CA4-3C43ED6A87BE}.Debug|Any CPU.Build.0 = Debug|Any CPU
		{864950A6-A5B2-4069-8CA4-3C43ED6A87BE}.Release|Any CPU.ActiveCfg = Release|Any CPU
		{864950A6-A5B2-4069-8CA4-3C43ED6A87BE}.Release|Any CPU.Build.0 = Release|Any CPU
	EndGlobalSection
	GlobalSection(SolutionProperties) = preSolution
		HideSolutionNode = FALSE
	EndGlobalSection
	GlobalSection(ExtensibilityGlobals) = postSolution
		SolutionGuid = {F4C3945D-783F-4E6C-858E-CFA6036C544D}
	EndGlobalSection
EndGlobal
